github.com/davecgh/go-spew v1.1.0/go.mod h1:J7Y8YcW2NihsgmVo/mv3lAwl/skON4iLHjSsI+c5H38=
github.com/davecgh/go-spew v1.1.1 h1:vj9j/u1bqnvCEfJOwUhtlOARqs3+rkHYY13jYWTU97c=
github.com/davecgh/go-spew v1.1.1/go.mod h1:J7Y8YcW2NihsgmVo/mv3lAwl/skON4iLHjSsI+c5H38=
github.com/ovechkin-dm/go-dyno v0.0.21 h1:Yex+MO92Jb/kfKTJfjgOdPNDK3s4970lgGYn3fOFFUs=
github.com/ovechkin-dm/go-dyno v0.0.21/go.mod h1:CcJNuo7AbePMoRNpM3i1jC1Rp9kHEMyWozNdWzR+0ys=
github.com/ovechkin-dm/mockio v0.5.2 h1:LiL/7I5+BzTFAhsO0Q9OdR/qznpJarqoOU5rFyJEdMQ=
github.com/ovechkin-dm/mockio v0.5.2/go.mod h1:a6+oqToo70J4j0uQ4JcYXPByut6nIe5lM1a4R+Jqc2M=
github.com/petermattis/goid v0.0.0-20230904192822-1876fd5063bc h1:8bQZVK1X6BJR/6nYUPxQEP+ReTsceJTKizeuwjWOPUA=
github.com/petermattis/goid v0.0.0-20230904192822-1876fd5063bc/go.mod h1:pxMtw7cyUw6B2bRH0ZBANSPg+AoSud1I1iyJHI69jH4=
github.com/pmezard/go-difflib v1.0.0 h1:4DBwDE0NGyQoBHbLQYPwSUPoCMWR5BEzIk/f1lZbAQM=
github.com/pmezard/go-difflib v1.0.0/go.mod h1:iKH77koFhYxTK1pcRnkKkqfTogsbg7gZNVY4sRDYZ/4=
github.com/stretchr/objx v0.1.0/go.mod h1:HFkY916IF+rwdDfMAkV7OtwuqBVzrE8GR6GFx+wExME=
github.com/stretchr/testify v1.7.0 h1:nwc3DEeHmmLAfoZucVR881uASk0Mfjw8xYJ99tb5CcY=
github.com/stretchr/testify v1.7.0/go.mod h1:6Fq8oRcR53rry900zMqJjRRixrwX3KX962/h/Wwjteg=
gopkg.in/check.v1 v0.0.0-20161208181325-20d25e280405 h1:yhCVgyC4o1eVCa2tZl7eS0r+SDo693bJlVdllGtEeKM=
gopkg.in/check.v1 v0.0.0-20161208181325-20d25e280405/go.mod h1:Co6ibVJAznAaIkqp8huTwlJQCZ016jof/cbN4VW5Yz0=
gopkg.in/loremipsum.v1 v1.1.2 h1:12APklfJKuGszqZsrArW5QoQh03/W+qyCCjvnDuS6Tw=
gopkg.in/loremipsum.v1 v1.1.2/go.mod h1:TuRvzFuzuejXj+odBU6Tubp/EPUyGb9wmSvHenyP2Ts=
gopkg.in/yaml.v3 v3.0.0-20200313102051-9f266ea9e77c/go.mod h1:K4uyk7z7BCEPqu6E+C64Yfv1cQ7kz7rIZviUmN+EgEM=
gopkg.in/yaml.v3 v3.0.0-20210107192922-496545a6307b h1:h8qDotaEPuJATrMmW04NCwg7v22aHH28wwpauUhK9Oo=
gopkg.in/yaml.v3 v3.0.0-20210107192922-496545a6307b/go.mod h1:K4uyk7z7BCEPqu6E+C64Yfv1cQ7kz7rIZviUmN+EgEM=
